
Microsoft Visual Studio Solution File, Format Version 12.00
# Visual Studio Version 17
VisualStudioVersion = 17.5.002.0
MinimumVisualStudioVersion = 10.0.40219.1
Project("{9A19103F-16F7-4668-BE54-9A1E7A4F7556}") = "Kafka.Producer", "Kafka.Producer.csproj", "{FD1386B2-986C-45BB-84C2-E42583A9EB20}"
EndProject
Global
	GlobalSection(SolutionConfigurationPlatforms) = preSolution
		Debug|Any CPU = Debug|Any CPU
		Release|Any CPU = Release|Any CPU
	EndGlobalSection
	GlobalSection(ProjectConfigurationPlatforms) = postSolution
		{FD1386B2-986C-45BB-84C2-E42583A9EB20}.Debug|Any CPU.ActiveCfg = Debug|Any CPU
		{FD1386B2-986C-45BB-84C2-E42583A9EB20}.Debug|Any CPU.Build.0 = Debug|Any CPU
		{FD1386B2-986C-45BB-84C2-E42583A9EB20}.Release|Any CPU.ActiveCfg = Release|Any CPU
		{FD1386B2-986C-45BB-84C2-E42583A9EB20}.Release|Any CPU.Build.0 = Release|Any CPU
	EndGlobalSection
	GlobalSection(SolutionProperties) = preSolution
		HideSolutionNode = FALSE
	EndGlobalSection
	GlobalSection(ExtensibilityGlobals) = postSolution
		SolutionGuid = {F1F06F05-DEEC-40C7-9727-C1D8E28A5EE2}
	EndGlobalSection
EndGlobal
